// !$*UTF8*$!
{
	archiveVersion = 1;
	classes = {
	};
	objectVersion = 46;
	objects = {

/* Begin PBXBuildFile section */
		38AC4E001F046BD1003180B4 /* AppDelegate.swift in Sources */ = {isa = PBXBuildFile; fileRef = 38AC4DFF1F046BD1003180B4 /* AppDelegate.swift */; };
		38AC4E021F046BD1003180B4 /* ViewController.swift in Sources */ = {isa = PBXBuildFile; fileRef = 38AC4E011F046BD1003180B4 /* ViewController.swift */; };
		38AC4E041F046BD1003180B4 /* Assets.xcassets in Resources */ = {isa = PBXBuildFile; fileRef = 38AC4E031F046BD1003180B4 /* Assets.xcassets */; };
		38AC4E071F046BD1003180B4 /* Main.storyboard in Resources */ = {isa = PBXBuildFile; fileRef = 38AC4E051F046BD1003180B4 /* Main.storyboard */; };
		38AC4E121F046BD1003180B4 /* PeopleSorterTests.swift in Sources */ = {isa = PBXBuildFile; fileRef = 38AC4E111F046BD1003180B4 /* PeopleSorterTests.swift */; };
/* End PBXBuildFile section */

/* Begin PBXContainerItemProxy section */
		38AC4E0E1F046BD1003180B4 /* PBXContainerItemProxy */ = {
			isa = PBXContainerItemProxy;
			containerPortal = 38AC4DF41F046BD1003180B4 /* Project object */;
			proxyType = 1;
			remoteGlobalIDString = 38AC4DFB1F046BD1003180B4;
			remoteInfo = PeopleSorter;
		};
/* End PBXContainerItemProxy section */

/* Begin PBXFileReference section */
		38AC4DFC1F046BD1003180B4 /* PeopleSorter.app */ = {isa = PBXFileReference; explicitFileType = wrapper.application; includeInIndex = 0; path = PeopleSorter.app; sourceTree = BUILT_PRODUCTS_DIR; };
		38AC4DFF1F046BD1003180B4 /* AppDelegate.swift */ = {isa = PBXFileReference; lastKnownFileType = sourcecode.swift; path = AppDelegate.swift; sourceTree = "<group>"; };
		38AC4E011F046BD1003180B4 /* ViewController.swift */ = {isa = PBXFileReference; lastKnownFileType = sourcecode.swift; path = ViewController.swift; sourceTree = "<group>"; };
		38AC4E031F046BD1003180B4 /* Assets.xcassets */ = {isa = PBXFileReference; lastKnownFileType = folder.assetcatalog; path = Assets.xcassets; sourceTree = "<group>"; };
		38AC4E061F046BD1003180B4 /* Base */ = {isa = PBXFileReference; lastKnownFileType = file.storyboard; name = Base; path = Base.lproj/Main.storyboard; sourceTree = "<group>"; };
		38AC4E081F046BD1003180B4 /* Info.plist */ = {isa = PBXFileReference; lastKnownFileType = text.plist.xml; path = Info.plist; sourceTree = "<group>"; };
		38AC4E0D1F046BD1003180B4 /* PeopleSorterTests.xctest */ = {isa = PBXFileReference; explicitFileType = wrapper.cfbundle; includeInIndex = 0; path = PeopleSorterTests.xctest; sourceTree = BUILT_PRODUCTS_DIR; };
		38AC4E111F046BD1003180B4 /* PeopleSorterTests.swift */ = {isa = PBXFileReference; lastKnownFileType = sourcecode.swift; path = PeopleSorterTests.swift; sourceTree = "<group>"; };
		38AC4E131F046BD1003180B4 /* Info.plist */ = {isa = PBXFileReference; lastKnownFileType = text.plist.xml; path = Info.plist; sourceTree = "<group>"; };
/* End PBXFileReference section */

/* Begin PBXFrameworksBuildPhase section */
		38AC4DF91F046BD1003180B4 /* Frameworks */ = {
			isa = PBXFrameworksBuildPhase;
			buildActionMask = 2147483647;
			files = (
			);
			runOnlyForDeploymentPostprocessing = 0;
		};
		38AC4E0A1F046BD1003180B4 /* Frameworks */ = {
			isa = PBXFrameworksBuildPhase;
			buildActionMask = 2147483647;
			files = (
			);
			runOnlyForDeploymentPostprocessing = 0;
		};
/* End PBXFrameworksBuildPhase section */

/* Begin PBXGroup section */
		38AC4DF31F046BD1003180B4 = {
			isa = PBXGroup;
			children = (
				38AC4DFE1F046BD1003180B4 /* PeopleSorter */,
				38AC4E101F046BD1003180B4 /* PeopleSorterTests */,
				38AC4DFD1F046BD1003180B4 /* Products */,
			);
			sourceTree = "<group>";
		};
		38AC4DFD1F046BD1003180B4 /* Products */ = {
			isa = PBXGroup;
			children = (
				38AC4DFC1F046BD1003180B4 /* PeopleSorter.app */,
				38AC4E0D1F046BD1003180B4 /* PeopleSorterTests.xctest */,
			);
			name = Products;
			sourceTree = "<group>";
		};
		38AC4DFE1F046BD1003180B4 /* PeopleSorter */ = {
			isa = PBXGroup;
			children = (
				38AC4DFF1F046BD1003180B4 /* AppDelegate.swift */,
				38AC4E011F046BD1003180B4 /* ViewController.swift */,
				38AC4E031F046BD1003180B4 /* Assets.xcassets */,
				38AC4E051F046BD1003180B4 /* Main.storyboard */,
				38AC4E081F046BD1003180B4 /* Info.plist */,
			);
			path = PeopleSorter;
			sourceTree = "<group>";
		};
		38AC4E101F046BD1003180B4 /* PeopleSorterTests */ = {
			isa = PBXGroup;
			children = (
				38AC4E111F046BD1003180B4 /* PeopleSorterTests.swift */,
				38AC4E131F046BD1003180B4 /* Info.plist */,
			);
			path = PeopleSorterTests;
			sourceTree = "<group>";
		};
/* End PBXGroup section */

/* Begin PBXNativeTarget section */
		38AC4DFB1F046BD1003180B4 /* PeopleSorter */ = {
			isa = PBXNativeTarget;
			buildConfigurationList = 38AC4E161F046BD1003180B4 /* Build configuration list for PBXNativeTarget "PeopleSorter" */;
			buildPhases = (
				38AC4DF81F046BD1003180B4 /* Sources */,
				38AC4DF91F046BD1003180B4 /* Frameworks */,
				38AC4DFA1F046BD1003180B4 /* Resources */,
			);
			buildRules = (
			);
			dependencies = (
			);
			name = PeopleSorter;
			productName = PeopleSorter;
			productReference = 38AC4DFC1F046BD1003180B4 /* PeopleSorter.app */;
			productType = "com.apple.product-type.application";
		};
		38AC4E0C1F046BD1003180B4 /* PeopleSorterTests */ = {
			isa = PBXNativeTarget;
			buildConfigurationList = 38AC4E191F046BD1003180B4 /* Build configuration list for PBXNativeTarget "PeopleSorterTests" */;
			buildPhases = (
				38AC4E091F046BD1003180B4 /* Sources */,
				38AC4E0A1F046BD1003180B4 /* Frameworks */,
				38AC4E0B1F046BD1003180B4 /* Resources */,
			);
			buildRules = (
			);
			dependencies = (
				38AC4E0F1F046BD1003180B4 /* PBXTargetDependency */,
			);
			name = PeopleSorterTests;
			productName = PeopleSorterTests;
			productReference = 38AC4E0D1F046BD1003180B4 /* PeopleSorterTests.xctest */;
			productType = "com.apple.product-type.bundle.unit-test";
		};
/* End PBXNativeTarget section */

/* Begin PBXProject section */
		38AC4DF41F046BD1003180B4 /* Project object */ = {
			isa = PBXProject;
			attributes = {
				LastSwiftUpdateCheck = 0830;
				LastUpgradeCheck = 0830;
				ORGANIZATIONNAME = "Jim Danger, LLC";
				TargetAttributes = {
					38AC4DFB1F046BD1003180B4 = {
						CreatedOnToolsVersion = 8.3.3;
						DevelopmentTeam = 5MFLP3AQ7C;
						ProvisioningStyle = Automatic;
					};
					38AC4E0C1F046BD1003180B4 = {
						CreatedOnToolsVersion = 8.3.3;
						DevelopmentTeam = 5MFLP3AQ7C;
						ProvisioningStyle = Automatic;
						TestTargetID = 38AC4DFB1F046BD1003180B4;
					};
				};
			};
			buildConfigurationList = 38AC4DF71F046BD1003180B4 /* Build configuration list for PBXProject "PeopleSorter" */;
			compatibilityVersion = "Xcode 3.2";
			developmentRegion = English;
			hasScannedForEncodings = 0;
			knownRegions = (
				en,
				Base,
			);
			mainGroup = 38AC4DF31F046BD1003180B4;
			productRefGroup = 38AC4DFD1F046BD1003180B4 /* Products */;
			projectDirPath = "";
			projectRoot = "";
			targets = (
				38AC4DFB1F046BD1003180B4 /* PeopleSorter */,
				38AC4E0C1F046BD1003180B4 /* PeopleSorterTests */,
			);
		};
/* End PBXProject section */

/* Begin PBXResourcesBuildPhase section */
		38AC4DFA1F046BD1003180B4 /* Resources */ = {
			isa = PBXResourcesBuildPhase;
			buildActionMask = 2147483647;
			files = (
				38AC4E041F046BD1003180B4 /* Assets.xcassets in Resources */,
				38AC4E071F046BD1003180B4 /* Main.storyboard in Resources */,
			);
			runOnlyForDeploymentPostprocessing = 0;
		};
		38AC4E0B1F046BD1003180B4 /* Resources */ = {
			isa = PBXResourcesBuildPhase;
			buildActionMask = 2147483647;
			files = (
			);
			runOnlyForDeploymentPostprocessing = 0;
		};
/* End PBXResourcesBuildPhase section */

/* Begin PBXSourcesBuildPhase section */
		38AC4DF81F046BD1003180B4 /* Sources */ = {
			isa = PBXSourcesBuildPhase;
			buildActionMask = 2147483647;
			files = (
				38AC4E021F046BD1003180B4 /* ViewController.swift in Sources */,
				38AC4E001F046BD1003180B4 /* AppDelegate.swift in Sources */,
			);
			runOnlyForDeploymentPostprocessing = 0;
		};
		38AC4E091F046BD1003180B4 /* Sources */ = {
			isa = PBXSourcesBuildPhase;
			buildActionMask = 2147483647;
			files = (
				38AC4E121F046BD1003180B4 /* PeopleSorterTests.swift in Sources */,
			);
			runOnlyForDeploymentPostprocessing = 0;
		};
/* End PBXSourcesBuildPhase section */

/* Begin PBXTargetDependency section */
		38AC4E0F1F046BD1003180B4 /* PBXTargetDependency */ = {
			isa = PBXTargetDependency;
			target = 38AC4DFB1F046BD1003180B4 /* PeopleSorter */;
			targetProxy = 38AC4E0E1F046BD1003180B4 /* PBXContainerItemProxy */;
		};
/* End PBXTargetDependency section */

/* Begin PBXVariantGroup section */
		38AC4E051F046BD1003180B4 /* Main.storyboard */ = {
			isa = PBXVariantGroup;
			children = (
				38AC4E061F046BD1003180B4 /* Base */,
			);
			name = Main.storyboard;
			sourceTree = "<group>";
		};
/* End PBXVariantGroup section */

/* Begin XCBuildConfiguration section */
		38AC4E141F046BD1003180B4 /* Debug */ = {
			isa = XCBuildConfiguration;
			buildSettings = {
				ALWAYS_SEARCH_USER_PATHS = NO;
				CLANG_ANALYZER_NONNULL = YES;
				CLANG_ANALYZER_NUMBER_OBJECT_CONVERSION = YES_AGGRESSIVE;
				CLANG_CXX_LANGUAGE_STANDARD = "gnu++0x";
				CLANG_CXX_LIBRARY = "libc++";
				CLANG_ENABLE_MODULES = YES;
				CLANG_ENABLE_OBJC_ARC = YES;
				CLANG_WARN_BOOL_CONVERSION = YES;
				CLANG_WARN_CONSTANT_CONVERSION = YES;
				CLANG_WARN_DIRECT_OBJC_ISA_USAGE = YES_ERROR;
				CLANG_WARN_DOCUMENTATION_COMMENTS = YES;
				CLANG_WARN_EMPTY_BODY = YES;
				CLANG_WARN_ENUM_CONVERSION = YES;
				CLANG_WARN_INFINITE_RECURSION = YES;
				CLANG_WARN_INT_CONVERSION = YES;
				CLANG_WARN_OBJC_ROOT_CLASS = YES_ERROR;
				CLANG_WARN_SUSPICIOUS_MOVE = YES;
				CLANG_WARN_UNREACHABLE_CODE = YES;
				CLANG_WARN__DUPLICATE_METHOD_MATCH = YES;
				CODE_SIGN_IDENTITY = "-";
				COPY_PHASE_STRIP = NO;
				DEBUG_INFORMATION_FORMAT = dwarf;
				ENABLE_STRICT_OBJC_MSGSEND = YES;
				ENABLE_TESTABILITY = YES;
				GCC_C_LANGUAGE_STANDARD = gnu99;
				GCC_DYNAMIC_NO_PIC = NO;
				GCC_NO_COMMON_BLOCKS = YES;
				GCC_OPTIMIZATION_LEVEL = 0;
				GCC_PREPROCESSOR_DEFINITIONS = (
					"DEBUG=1",
					"$(inherited)",
				);
				GCC_WARN_64_TO_32_BIT_CONVERSION = YES;
				GCC_WARN_ABOUT_RETURN_TYPE = YES_ERROR;
				GCC_WARN_UNDECLARED_SELECTOR = YES;
				GCC_WARN_UNINITIALIZED_AUTOS = YES_AGGRESSIVE;
				GCC_WARN_UNUSED_FUNCTION = YES;
				GCC_WARN_UNUSED_VARIABLE = YES;
				MACOSX_DEPLOYMENT_TARGET = 10.12;
				MTL_ENABLE_DEBUG_INFO = YES;
				ONLY_ACTIVE_ARCH = YES;
				SDKROOT = macosx;
				SWIFT_ACTIVE_COMPILATION_CONDITIONS = DEBUG;
				SWIFT_OPTIMIZATION_LEVEL = "-Onone";
			};
			name = Debug;
		};
		38AC4E151F046BD1003180B4 /* Release */ = {
			isa = XCBuildConfiguration;
			buildSettings = {
				ALWAYS_SEARCH_USER_PATHS = NO;
				CLANG_ANALYZER_NONNULL = YES;
				CLANG_ANALYZER_NUMBER_OBJECT_CONVERSION = YES_AGGRESSIVE;
				CLANG_CXX_LANGUAGE_STANDARD = "gnu++0x";
				CLANG_CXX_LIBRARY = "libc++";
				CLANG_ENABLE_MODULES = YES;
				CLANG_ENABLE_OBJC_ARC = YES;
				CLANG_WARN_BOOL_CONVERSION = YES;
				CLANG_WARN_CONSTANT_CONVERSION = YES;
				CLANG_WARN_DIRECT_OBJC_ISA_USAGE = YES_ERROR;
				CLANG_WARN_DOCUMENTATION_COMMENTS = YES;
				CLANG_WARN_EMPTY_BODY = YES;
				CLANG_WARN_ENUM_CONVERSION = YES;
				CLANG_WARN_INFINITE_RECURSION = YES;
				CLANG_WARN_INT_CONVERSION = YES;
				CLANG_WARN_OBJC_ROOT_CLASS = YES_ERROR;
				CLANG_WARN_SUSPICIOUS_MOVE = YES;
				CLANG_WARN_UNREACHABLE_CODE = YES;
				CLANG_WARN__DUPLICATE_METHOD_MATCH = YES;
				CODE_SIGN_IDENTITY = "-";
				COPY_PHASE_STRIP = NO;
				DEBUG_INFORMATION_FORMAT = "dwarf-with-dsym";
				ENABLE_NS_ASSERTIONS = NO;
				ENABLE_STRICT_OBJC_MSGSEND = YES;
				GCC_C_LANGUAGE_STANDARD = gnu99;
				GCC_NO_COMMON_BLOCKS = YES;
				GCC_WARN_64_TO_32_BIT_CONVERSION = YES;
				GCC_WARN_ABOUT_RETURN_TYPE = YES_ERROR;
				GCC_WARN_UNDECLARED_SELECTOR = YES;
				GCC_WARN_UNINITIALIZED_AUTOS = YES_AGGRESSIVE;
				GCC_WARN_UNUSED_FUNCTION = YES;
				GCC_WARN_UNUSED_VARIABLE = YES;
				MACOSX_DEPLOYMENT_TARGET = 10.12;
				MTL_ENABLE_DEBUG_INFO = NO;
				SDKROOT = macosx;
				SWIFT_OPTIMIZATION_LEVEL = "-Owholemodule";
			};
			name = Release;
		};
		38AC4E171F046BD1003180B4 /* Debug */ = {
			isa = XCBuildConfiguration;
			buildSettings = {
				ASSETCATALOG_COMPILER_APPICON_NAME = AppIcon;
				COMBINE_HIDPI_IMAGES = YES;
				DEVELOPMENT_TEAM = 5MFLP3AQ7C;
				INFOPLIST_FILE = PeopleSorter/Info.plist;
				LD_RUNPATH_SEARCH_PATHS = "$(inherited) @executable_path/../Frameworks";
				PRODUCT_BUNDLE_IDENTIFIER = com.jimdanger.PeopleSorter;
				PRODUCT_NAME = "$(TARGET_NAME)";
				SWIFT_VERSION = 3.0;
			};
			name = Debug;
		};
		38AC4E181F046BD1003180B4 /* Release */ = {
			isa = XCBuildConfiguration;
			buildSettings = {
				ASSETCATALOG_COMPILER_APPICON_NAME = AppIcon;
				COMBINE_HIDPI_IMAGES = YES;
				DEVELOPMENT_TEAM = 5MFLP3AQ7C;
				INFOPLIST_FILE = PeopleSorter/Info.plist;
				LD_RUNPATH_SEARCH_PATHS = "$(inherited) @executable_path/../Frameworks";
				PRODUCT_BUNDLE_IDENTIFIER = com.jimdanger.PeopleSorter;
				PRODUCT_NAME = "$(TARGET_NAME)";
				SWIFT_VERSION = 3.0;
			};
			name = Release;
		};
		38AC4E1A1F046BD1003180B4 /* Debug */ = {
			isa = XCBuildConfiguration;
			buildSettings = {
				ALWAYS_EMBED_SWIFT_STANDARD_LIBRARIES = YES;
				BUNDLE_LOADER = "$(TEST_HOST)";
				COMBINE_HIDPI_IMAGES = YES;
				DEVELOPMENT_TEAM = 5MFLP3AQ7C;
				INFOPLIST_FILE = PeopleSorterTests/Info.plist;
				LD_RUNPATH_SEARCH_PATHS = "$(inherited) @executable_path/../Frameworks @loader_path/../Frameworks";
				PRODUCT_BUNDLE_IDENTIFIER = com.jimdanger.PeopleSorterTests;
				PRODUCT_NAME = "$(TARGET_NAME)";
				SWIFT_VERSION = 3.0;
				TEST_HOST = "$(BUILT_PRODUCTS_DIR)/PeopleSorter.app/Contents/MacOS/PeopleSorter";
			};
			name = Debug;
		};
		38AC4E1B1F046BD1003180B4 /* Release */ = {
			isa = XCBuildConfiguration;
			buildSettings = {
				ALWAYS_EMBED_SWIFT_STANDARD_LIBRARIES = YES;
				BUNDLE_LOADER = "$(TEST_HOST)";
				COMBINE_HIDPI_IMAGES = YES;
				DEVELOPMENT_TEAM = 5MFLP3AQ7C;
				INFOPLIST_FILE = PeopleSorterTests/Info.plist;
				LD_RUNPATH_SEARCH_PATHS = "$(inherited) @executable_path/../Frameworks @loader_path/../Frameworks";
				PRODUCT_BUNDLE_IDENTIFIER = com.jimdanger.PeopleSorterTests;
				PRODUCT_NAME = "$(TARGET_NAME)";
				SWIFT_VERSION = 3.0;
				TEST_HOST = "$(BUILT_PRODUCTS_DIR)/PeopleSorter.app/Contents/MacOS/PeopleSorter";
			};
			name = Release;
		};
/* End XCBuildConfiguration section */

/* Begin XCConfigurationList section */
		38AC4DF71F046BD1003180B4 /* Build configuration list for PBXProject "PeopleSorter" */ = {
			isa = XCConfigurationList;
			buildConfigurations = (
				38AC4E141F046BD1003180B4 /* Debug */,
				38AC4E151F046BD1003180B4 /* Release */,
			);
			defaultConfigurationIsVisible = 0;
			defaultConfigurationName = Release;
		};
		38AC4E161F046BD1003180B4 /* Build configuration list for PBXNativeTarget "PeopleSorter" */ = {
			isa = XCConfigurationList;
			buildConfigurations = (
				38AC4E171F046BD1003180B4 /* Debug */,
				38AC4E181F046BD1003180B4 /* Release */,
			);
			defaultConfigurationIsVisible = 0;
		};
		38AC4E191F046BD1003180B4 /* Build configuration list for PBXNativeTarget "PeopleSorterTests" */ = {
			isa = XCConfigurationList;
			buildConfigurations = (
				38AC4E1A1F046BD1003180B4 /* Debug */,
				38AC4E1B1F046BD1003180B4 /* Release */,
			);
			defaultConfigurationIsVisible = 0;
		};
/* End XCConfigurationList section */
	};
	rootObject = 38AC4DF41F046BD1003180B4 /* Project object */;
}
